// !$*UTF8*$!
{
	archiveVersion = 1;
	classes = {
	};
	objectVersion = 48;
	objects = {

/* Begin PBXBuildFile section */
		CF1B346D21832439009E1BAF /* AppDelegate.swift in Sources */ = {isa = PBXBuildFile; fileRef = CF1B346C21832439009E1BAF /* AppDelegate.swift */; };
		CF1B346F21832439009E1BAF /* SearchViewController.swift in Sources */ = {isa = PBXBuildFile; fileRef = CF1B346E21832439009E1BAF /* SearchViewController.swift */; };
		CF1B347221832439009E1BAF /* Main.storyboard in Resources */ = {isa = PBXBuildFile; fileRef = CF1B347021832439009E1BAF /* Main.storyboard */; };
		CF1B347721832439009E1BAF /* Assets.xcassets in Resources */ = {isa = PBXBuildFile; fileRef = CF1B347621832439009E1BAF /* Assets.xcassets */; };
		CF1B347A21832439009E1BAF /* LaunchScreen.storyboard in Resources */ = {isa = PBXBuildFile; fileRef = CF1B347821832439009E1BAF /* LaunchScreen.storyboard */; };
		CF1B6E8F219465FE00BB7EB1 /* ProjectTableViewCell.swift in Sources */ = {isa = PBXBuildFile; fileRef = CF1B6E8E219465FE00BB7EB1 /* ProjectTableViewCell.swift */; };
		CF27A52C21836051008161DF /* IntraAPI.swift in Sources */ = {isa = PBXBuildFile; fileRef = CF27A52B21836051008161DF /* IntraAPI.swift */; };
		CF598AC02188698C0031E6EB /* ProfileViewController.swift in Sources */ = {isa = PBXBuildFile; fileRef = CF598ABF2188698C0031E6EB /* ProfileViewController.swift */; };
		CF887FC22191DACC0069BE3D /* UserInfo.swift in Sources */ = {isa = PBXBuildFile; fileRef = CF887FC12191DACC0069BE3D /* UserInfo.swift */; };
		CF9300C821930F6500583FCD /* SkillsTableViewCell.swift in Sources */ = {isa = PBXBuildFile; fileRef = CF9300C721930F6500583FCD /* SkillsTableViewCell.swift */; };
/* End PBXBuildFile section */

/* Begin PBXFileReference section */
		CF1B346921832439009E1BAF /* SwiftyCompanion.app */ = {isa = PBXFileReference; explicitFileType = wrapper.application; includeInIndex = 0; path = SwiftyCompanion.app; sourceTree = BUILT_PRODUCTS_DIR; };
		CF1B346C21832439009E1BAF /* AppDelegate.swift */ = {isa = PBXFileReference; lastKnownFileType = sourcecode.swift; path = AppDelegate.swift; sourceTree = "<group>"; };
		CF1B346E21832439009E1BAF /* SearchViewController.swift */ = {isa = PBXFileReference; lastKnownFileType = sourcecode.swift; path = SearchViewController.swift; sourceTree = "<group>"; };
		CF1B347121832439009E1BAF /* Base */ = {isa = PBXFileReference; lastKnownFileType = file.storyboard; name = Base; path = Base.lproj/Main.storyboard; sourceTree = "<group>"; };
		CF1B347621832439009E1BAF /* Assets.xcassets */ = {isa = PBXFileReference; lastKnownFileType = folder.assetcatalog; path = Assets.xcassets; sourceTree = "<group>"; };
		CF1B347921832439009E1BAF /* Base */ = {isa = PBXFileReference; lastKnownFileType = file.storyboard; name = Base; path = Base.lproj/LaunchScreen.storyboard; sourceTree = "<group>"; };
		CF1B347B21832439009E1BAF /* Info.plist */ = {isa = PBXFileReference; lastKnownFileType = text.plist.xml; path = Info.plist; sourceTree = "<group>"; };
		CF1B6E8E219465FE00BB7EB1 /* ProjectTableViewCell.swift */ = {isa = PBXFileReference; lastKnownFileType = sourcecode.swift; path = ProjectTableViewCell.swift; sourceTree = "<group>"; };
		CF27A52B21836051008161DF /* IntraAPI.swift */ = {isa = PBXFileReference; lastKnownFileType = sourcecode.swift; path = IntraAPI.swift; sourceTree = "<group>"; };
		CF598ABF2188698C0031E6EB /* ProfileViewController.swift */ = {isa = PBXFileReference; lastKnownFileType = sourcecode.swift; path = ProfileViewController.swift; sourceTree = "<group>"; };
		CF887FC12191DACC0069BE3D /* UserInfo.swift */ = {isa = PBXFileReference; lastKnownFileType = sourcecode.swift; path = UserInfo.swift; sourceTree = "<group>"; };
		CF9300C721930F6500583FCD /* SkillsTableViewCell.swift */ = {isa = PBXFileReference; lastKnownFileType = sourcecode.swift; path = SkillsTableViewCell.swift; sourceTree = "<group>"; };
/* End PBXFileReference section */

/* Begin PBXFrameworksBuildPhase section */
		CF1B346621832439009E1BAF /* Frameworks */ = {
			isa = PBXFrameworksBuildPhase;
			buildActionMask = 2147483647;
			files = (
			);
			runOnlyForDeploymentPostprocessing = 0;
		};
/* End PBXFrameworksBuildPhase section */

/* Begin PBXGroup section */
		CF1B346021832439009E1BAF = {
			isa = PBXGroup;
			children = (
				CF1B346B21832439009E1BAF /* SwiftyCompanion */,
				CF1B346A21832439009E1BAF /* Products */,
			);
			sourceTree = "<group>";
		};
		CF1B346A21832439009E1BAF /* Products */ = {
			isa = PBXGroup;
			children = (
				CF1B346921832439009E1BAF /* SwiftyCompanion.app */,
			);
			name = Products;
			sourceTree = "<group>";
		};
		CF1B346B21832439009E1BAF /* SwiftyCompanion */ = {
			isa = PBXGroup;
			children = (
				CF1B346C21832439009E1BAF /* AppDelegate.swift */,
				CF1B346E21832439009E1BAF /* SearchViewController.swift */,
				CF598ABF2188698C0031E6EB /* ProfileViewController.swift */,
				CF27A52B21836051008161DF /* IntraAPI.swift */,
				CF887FC12191DACC0069BE3D /* UserInfo.swift */,
				CF1B347021832439009E1BAF /* Main.storyboard */,
				CF1B6E8E219465FE00BB7EB1 /* ProjectTableViewCell.swift */,
				CF9300C721930F6500583FCD /* SkillsTableViewCell.swift */,
				CF1B347621832439009E1BAF /* Assets.xcassets */,
				CF1B347821832439009E1BAF /* LaunchScreen.storyboard */,
				CF1B347B21832439009E1BAF /* Info.plist */,
			);
			path = SwiftyCompanion;
			sourceTree = "<group>";
		};
/* End PBXGroup section */

/* Begin PBXNativeTarget section */
		CF1B346821832439009E1BAF /* SwiftyCompanion */ = {
			isa = PBXNativeTarget;
			buildConfigurationList = CF1B347E21832439009E1BAF /* Build configuration list for PBXNativeTarget "SwiftyCompanion" */;
			buildPhases = (
				CF1B346521832439009E1BAF /* Sources */,
				CF1B346621832439009E1BAF /* Frameworks */,
				CF1B346721832439009E1BAF /* Resources */,
			);
			buildRules = (
			);
			dependencies = (
			);
			name = SwiftyCompanion;
			productName = SwiftyCompanion;
			productReference = CF1B346921832439009E1BAF /* SwiftyCompanion.app */;
			productType = "com.apple.product-type.application";
		};
/* End PBXNativeTarget section */

/* Begin PBXProject section */
		CF1B346121832439009E1BAF /* Project object */ = {
			isa = PBXProject;
			attributes = {
				LastSwiftUpdateCheck = 0920;
				LastUpgradeCheck = 0920;
				ORGANIZATIONNAME = "Yuliia MAKOVETSKAYA";
				TargetAttributes = {
					CF1B346821832439009E1BAF = {
						CreatedOnToolsVersion = 9.2;
						ProvisioningStyle = Automatic;
					};
				};
			};
			buildConfigurationList = CF1B346421832439009E1BAF /* Build configuration list for PBXProject "SwiftyCompanion" */;
			compatibilityVersion = "Xcode 8.0";
			developmentRegion = en;
			hasScannedForEncodings = 0;
			knownRegions = (
				en,
				Base,
			);
			mainGroup = CF1B346021832439009E1BAF;
			productRefGroup = CF1B346A21832439009E1BAF /* Products */;
			projectDirPath = "";
			projectRoot = "";
			targets = (
				CF1B346821832439009E1BAF /* SwiftyCompanion */,
			);
		};
/* End PBXProject section */

/* Begin PBXResourcesBuildPhase section */
		CF1B346721832439009E1BAF /* Resources */ = {
			isa = PBXResourcesBuildPhase;
			buildActionMask = 2147483647;
			files = (
				CF1B347A21832439009E1BAF /* LaunchScreen.storyboard in Resources */,
				CF1B347721832439009E1BAF /* Assets.xcassets in Resources */,
				CF1B347221832439009E1BAF /* Main.storyboard in Resources */,
			);
			runOnlyForDeploymentPostprocessing = 0;
		};
/* End PBXResourcesBuildPhase section */

/* Begin PBXSourcesBuildPhase section */
		CF1B346521832439009E1BAF /* Sources */ = {
			isa = PBXSourcesBuildPhase;
			buildActionMask = 2147483647;
			files = (
				CF1B6E8F219465FE00BB7EB1 /* ProjectTableViewCell.swift in Sources */,
				CF27A52C21836051008161DF /* IntraAPI.swift in Sources */,
				CF598AC02188698C0031E6EB /* ProfileViewController.swift in Sources */,
				CF1B346F21832439009E1BAF /* SearchViewController.swift in Sources */,
				CF9300C821930F6500583FCD /* SkillsTableViewCell.swift in Sources */,
				CF887FC22191DACC0069BE3D /* UserInfo.swift in Sources */,
				CF1B346D21832439009E1BAF /* AppDelegate.swift in Sources */,
			);
			runOnlyForDeploymentPostprocessing = 0;
		};
/* End PBXSourcesBuildPhase section */

/* Begin PBXVariantGroup section */
		CF1B347021832439009E1BAF /* Main.storyboard */ = {
			isa = PBXVariantGroup;
			children = (
				CF1B347121832439009E1BAF /* Base */,
			);
			name = Main.storyboard;
			sourceTree = "<group>";
		};
		CF1B347821832439009E1BAF /* LaunchScreen.storyboard */ = {
			isa = PBXVariantGroup;
			children = (
				CF1B347921832439009E1BAF /* Base */,
			);
			name = LaunchScreen.storyboard;
			sourceTree = "<group>";
		};
/* End PBXVariantGroup section */

/* Begin XCBuildConfiguration section */
		CF1B347C21832439009E1BAF /* Debug */ = {
			isa = XCBuildConfiguration;
			buildSettings = {
				ALWAYS_SEARCH_USER_PATHS = NO;
				CLANG_ANALYZER_NONNULL = YES;
				CLANG_ANALYZER_NUMBER_OBJECT_CONVERSION = YES_AGGRESSIVE;
				CLANG_CXX_LANGUAGE_STANDARD = "gnu++14";
				CLANG_CXX_LIBRARY = "libc++";
				CLANG_ENABLE_MODULES = YES;
				CLANG_ENABLE_OBJC_ARC = YES;
				CLANG_WARN_BLOCK_CAPTURE_AUTORELEASING = YES;
				CLANG_WARN_BOOL_CONVERSION = YES;
				CLANG_WARN_COMMA = YES;
				CLANG_WARN_CONSTANT_CONVERSION = YES;
				CLANG_WARN_DIRECT_OBJC_ISA_USAGE = YES_ERROR;
				CLANG_WARN_DOCUMENTATION_COMMENTS = YES;
				CLANG_WARN_EMPTY_BODY = YES;
				CLANG_WARN_ENUM_CONVERSION = YES;
				CLANG_WARN_INFINITE_RECURSION = YES;
				CLANG_WARN_INT_CONVERSION = YES;
				CLANG_WARN_NON_LITERAL_NULL_CONVERSION = YES;
				CLANG_WARN_OBJC_LITERAL_CONVERSION = YES;
				CLANG_WARN_OBJC_ROOT_CLASS = YES_ERROR;
				CLANG_WARN_RANGE_LOOP_ANALYSIS = YES;
				CLANG_WARN_STRICT_PROTOTYPES = YES;
				CLANG_WARN_SUSPICIOUS_MOVE = YES;
				CLANG_WARN_UNGUARDED_AVAILABILITY = YES_AGGRESSIVE;
				CLANG_WARN_UNREACHABLE_CODE = YES;
				CLANG_WARN__DUPLICATE_METHOD_MATCH = YES;
				CODE_SIGN_IDENTITY = "iPhone Developer";
				COPY_PHASE_STRIP = NO;
				DEBUG_INFORMATION_FORMAT = dwarf;
				ENABLE_STRICT_OBJC_MSGSEND = YES;
				ENABLE_TESTABILITY = YES;
				GCC_C_LANGUAGE_STANDARD = gnu11;
				GCC_DYNAMIC_NO_PIC = NO;
				GCC_NO_COMMON_BLOCKS = YES;
				GCC_OPTIMIZATION_LEVEL = 0;
				GCC_PREPROCESSOR_DEFINITIONS = (
					"DEBUG=1",
					"$(inherited)",
				);
				GCC_WARN_64_TO_32_BIT_CONVERSION = YES;
				GCC_WARN_ABOUT_RETURN_TYPE = YES_ERROR;
				GCC_WARN_UNDECLARED_SELECTOR = YES;
				GCC_WARN_UNINITIALIZED_AUTOS = YES_AGGRESSIVE;
				GCC_WARN_UNUSED_FUNCTION = YES;
				GCC_WARN_UNUSED_VARIABLE = YES;
				IPHONEOS_DEPLOYMENT_TARGET = 11.2;
				MTL_ENABLE_DEBUG_INFO = YES;
				ONLY_ACTIVE_ARCH = YES;
				SDKROOT = iphoneos;
				SWIFT_ACTIVE_COMPILATION_CONDITIONS = DEBUG;
				SWIFT_OPTIMIZATION_LEVEL = "-Onone";
			};
			name = Debug;
		};
		CF1B347D21832439009E1BAF /* Release */ = {
			isa = XCBuildConfiguration;
			buildSettings = {
				ALWAYS_SEARCH_USER_PATHS = NO;
				CLANG_ANALYZER_NONNULL = YES;
				CLANG_ANALYZER_NUMBER_OBJECT_CONVERSION = YES_AGGRESSIVE;
				CLANG_CXX_LANGUAGE_STANDARD = "gnu++14";
				CLANG_CXX_LIBRARY = "libc++";
				CLANG_ENABLE_MODULES = YES;
				CLANG_ENABLE_OBJC_ARC = YES;
				CLANG_WARN_BLOCK_CAPTURE_AUTORELEASING = YES;
				CLANG_WARN_BOOL_CONVERSION = YES;
				CLANG_WARN_COMMA = YES;
				CLANG_WARN_CONSTANT_CONVERSION = YES;
				CLANG_WARN_DIRECT_OBJC_ISA_USAGE = YES_ERROR;
				CLANG_WARN_DOCUMENTATION_COMMENTS = YES;
				CLANG_WARN_EMPTY_BODY = YES;
				CLANG_WARN_ENUM_CONVERSION = YES;
				CLANG_WARN_INFINITE_RECURSION = YES;
				CLANG_WARN_INT_CONVERSION = YES;
				CLANG_WARN_NON_LITERAL_NULL_CONVERSION = YES;
				CLANG_WARN_OBJC_LITERAL_CONVERSION = YES;
				CLANG_WARN_OBJC_ROOT_CLASS = YES_ERROR;
				CLANG_WARN_RANGE_LOOP_ANALYSIS = YES;
				CLANG_WARN_STRICT_PROTOTYPES = YES;
				CLANG_WARN_SUSPICIOUS_MOVE = YES;
				CLANG_WARN_UNGUARDED_AVAILABILITY = YES_AGGRESSIVE;
				CLANG_WARN_UNREACHABLE_CODE = YES;
				CLANG_WARN__DUPLICATE_METHOD_MATCH = YES;
				CODE_SIGN_IDENTITY = "iPhone Developer";
				COPY_PHASE_STRIP = NO;
				DEBUG_INFORMATION_FORMAT = "dwarf-with-dsym";
				ENABLE_NS_ASSERTIONS = NO;
				ENABLE_STRICT_OBJC_MSGSEND = YES;
				GCC_C_LANGUAGE_STANDARD = gnu11;
				GCC_NO_COMMON_BLOCKS = YES;
				GCC_WARN_64_TO_32_BIT_CONVERSION = YES;
				GCC_WARN_ABOUT_RETURN_TYPE = YES_ERROR;
				GCC_WARN_UNDECLARED_SELECTOR = YES;
				GCC_WARN_UNINITIALIZED_AUTOS = YES_AGGRESSIVE;
				GCC_WARN_UNUSED_FUNCTION = YES;
				GCC_WARN_UNUSED_VARIABLE = YES;
				IPHONEOS_DEPLOYMENT_TARGET = 11.2;
				MTL_ENABLE_DEBUG_INFO = NO;
				SDKROOT = iphoneos;
				SWIFT_OPTIMIZATION_LEVEL = "-Owholemodule";
				VALIDATE_PRODUCT = YES;
			};
			name = Release;
		};
		CF1B347F21832439009E1BAF /* Debug */ = {
			isa = XCBuildConfiguration;
			buildSettings = {
				ASSETCATALOG_COMPILER_APPICON_NAME = AppIcon;
				CODE_SIGN_STYLE = Automatic;
				INFOPLIST_FILE = SwiftyCompanion/Info.plist;
				LD_RUNPATH_SEARCH_PATHS = "$(inherited) @executable_path/Frameworks";
				PRODUCT_BUNDLE_IDENTIFIER = ymakovet.SwiftyCompanion;
				PRODUCT_NAME = "$(TARGET_NAME)";
				SWIFT_VERSION = 4.0;
				TARGETED_DEVICE_FAMILY = "1,2";
			};
			name = Debug;
		};
		CF1B348021832439009E1BAF /* Release */ = {
			isa = XCBuildConfiguration;
			buildSettings = {
				ASSETCATALOG_COMPILER_APPICON_NAME = AppIcon;
				CODE_SIGN_STYLE = Automatic;
				INFOPLIST_FILE = SwiftyCompanion/Info.plist;
				LD_RUNPATH_SEARCH_PATHS = "$(inherited) @executable_path/Frameworks";
				PRODUCT_BUNDLE_IDENTIFIER = ymakovet.SwiftyCompanion;
				PRODUCT_NAME = "$(TARGET_NAME)";
				SWIFT_VERSION = 4.0;
				TARGETED_DEVICE_FAMILY = "1,2";
			};
			name = Release;
		};
/* End XCBuildConfiguration section */

/* Begin XCConfigurationList section */
		CF1B346421832439009E1BAF /* Build configuration list for PBXProject "SwiftyCompanion" */ = {
			isa = XCConfigurationList;
			buildConfigurations = (
				CF1B347C21832439009E1BAF /* Debug */,
				CF1B347D21832439009E1BAF /* Release */,
			);
			defaultConfigurationIsVisible = 0;
			defaultConfigurationName = Release;
		};
		CF1B347E21832439009E1BAF /* Build configuration list for PBXNativeTarget "SwiftyCompanion" */ = {
			isa = XCConfigurationList;
			buildConfigurations = (
				CF1B347F21832439009E1BAF /* Debug */,
				CF1B348021832439009E1BAF /* Release */,
			);
			defaultConfigurationIsVisible = 0;
			defaultConfigurationName = Release;
		};
/* End XCConfigurationList section */
	};
	rootObject = CF1B346121832439009E1BAF /* Project object */;
}
